
Microsoft Visual Studio Solution File, Format Version 12.00
# Visual Studio Version 16
VisualStudioVersion = 16.0.29920.165
MinimumVisualStudioVersion = 10.0.40219.1
Project("{FAE04EC0-301F-11D3-BF4B-00C04F79EFBC}") = "WindowsOnly", "WindowsOnly\WindowsOnly.csproj", "{2B63E3C9-D85A-4151-AFFB-700853B16119}"
EndProject
Project("{9A19103F-16F7-4668-BE54-9A1E7A4F7556}") = "CrossPlatform", "CrossPlatform\CrossPlatform.csproj", "{4C596557-3F00-4DE2-8C25-3E1BD9685663}"
EndProject
Global
	GlobalSection(SolutionConfigurationPlatforms) = preSolution
		Debug|Any CPU = Debug|Any CPU
		Release|Any CPU = Release|Any CPU
	EndGlobalSection
	GlobalSection(ProjectConfigurationPlatforms) = postSolution
		{2B63E3C9-D85A-4151-AFFB-700853B16119}.Debug|Any CPU.ActiveCfg = Debug|Any CPU
		{2B63E3C9-D85A-4151-AFFB-700853B16119}.Debug|Any CPU.Build.0 = Debug|Any CPU
		{2B63E3C9-D85A-4151-AFFB-700853B16119}.Release|Any CPU.ActiveCfg = Release|Any CPU
		{2B63E3C9-D85A-4151-AFFB-700853B16119}.Release|Any CPU.Build.0 = Release|Any CPU
		{4C596557-3F00-4DE2-8C25-3E1BD9685663}.Debug|Any CPU.ActiveCfg = Debug|Any CPU
		{4C596557-3F00-4DE2-8C25-3E1BD9685663}.Debug|Any CPU.Build.0 = Debug|Any CPU
		{4C596557-3F00-4DE2-8C25-3E1BD9685663}.Release|Any CPU.ActiveCfg = Release|Any CPU
		{4C596557-3F00-4DE2-8C25-3E1BD9685663}.Release|Any CPU.Build.0 = Release|Any CPU
	EndGlobalSection
	GlobalSection(SolutionProperties) = preSolution
		HideSolutionNode = FALSE
	EndGlobalSection
	GlobalSection(ExtensibilityGlobals) = postSolution
		SolutionGuid = {1E845A1E-EAAD-4DC8-A3E1-CD32CED27FC0}
	EndGlobalSection
EndGlobal
